%{"connection": {:hex, :connection, "1.0.2"},
  "cowboy": {:hex, :cowboy, "1.0.4"},
  "cowlib": {:hex, :cowlib, "1.0.2"},
  "csvlixir": {:hex, :csvlixir, "1.0.0"},
  "db_connection": {:hex, :db_connection, "0.2.4"},
  "decimal": {:hex, :decimal, "1.1.1"},
  "ecto": {:hex, :ecto, "1.1.4"},
  "ex_admin": {:git, "https://github.com/smpallen99/ex_admin.git", "57c9f972f8e04df1f9c28994126bfdd8cca96a9d", []},
  "ex_form": {:git, "https://github.com/smpallen99/ex_form.git", "6d08d449b112f89e48279daeca74b2b42a16fdda", []},
  "exactor": {:hex, :exactor, "1.0.0"},
  "factory_girl_elixir": {:hex, :factory_girl_elixir, "0.1.1"},
  "fs": {:hex, :fs, "0.9.2"},
  "gettext": {:hex, :gettext, "0.10.0"},
  "inflex": {:git, "https://github.com/smpallen99/inflex.git", "b7cef2d0e23ab5022595842e237611910c29d96d", []},
  "mariaex": {:hex, :mariaex, "0.6.4"},
  "phoenix": {:hex, :phoenix, "1.1.4"},
  "phoenix_ecto": {:hex, :phoenix_ecto, "2.0.1"},
  "phoenix_html": {:hex, :phoenix_html, "2.5.0"},
  "phoenix_live_reload": {:hex, :phoenix_live_reload, "1.0.3"},
  "phoenix_slime": {:hex, :phoenix_slime, "0.5.0"},
  "plug": {:hex, :plug, "1.1.2"},
  "poison": {:hex, :poison, "1.5.2"},
  "poolboy": {:hex, :poolboy, "1.5.1"},
  "postgrex": {:hex, :postgrex, "0.11.1"},
  "ranch": {:hex, :ranch, "1.2.1"},
  "scrivener": {:hex, :scrivener, "0.10.0"},
  "slime": {:hex, :slime, "0.11.0"},
  "xain": {:git, "https://github.com/smpallen99/xain.git", "e3abb0a646f46e2b869c0c117a320b658f05506b", []}}
